
Microsoft Visual Studio Solution File, Format Version 12.00
# Visual Studio 14
VisualStudioVersion = 14.0.24720.0
MinimumVisualStudioVersion = 10.0.40219.1
Project("{F184B08F-C81C-45F6-A57F-5ABD9991F28F}") = "SqlCmdUI", "SqlCmdUI.vbproj", "{37C7FE1C-02B9-4CDF-BECC-DA9100C73D9D}"
EndProject
Project("{F184B08F-C81C-45F6-A57F-5ABD9991F28F}") = "PS.ExeBase", "..\ps-exe-base\PS.ExeBase.vbproj", "{24495F94-53B7-4E97-993B-B3539CF522B6}"
EndProject
Global
	GlobalSection(SolutionConfigurationPlatforms) = preSolution
		Debug|Any CPU = Debug|Any CPU
		Debug|x86 = Debug|x86
		Release|Any CPU = Release|Any CPU
		Release|x86 = Release|x86
	EndGlobalSection
	GlobalSection(ProjectConfigurationPlatforms) = postSolution
		{37C7FE1C-02B9-4CDF-BECC-DA9100C73D9D}.Debug|Any CPU.ActiveCfg = Debug|x86
		{37C7FE1C-02B9-4CDF-BECC-DA9100C73D9D}.Debug|x86.ActiveCfg = Debug|x86
		{37C7FE1C-02B9-4CDF-BECC-DA9100C73D9D}.Debug|x86.Build.0 = Debug|x86
		{37C7FE1C-02B9-4CDF-BECC-DA9100C73D9D}.Release|Any CPU.ActiveCfg = Release|x86
		{37C7FE1C-02B9-4CDF-BECC-DA9100C73D9D}.Release|x86.ActiveCfg = Release|x86
		{37C7FE1C-02B9-4CDF-BECC-DA9100C73D9D}.Release|x86.Build.0 = Release|x86
		{24495F94-53B7-4E97-993B-B3539CF522B6}.Debug|Any CPU.ActiveCfg = Debug|Any CPU
		{24495F94-53B7-4E97-993B-B3539CF522B6}.Debug|Any CPU.Build.0 = Debug|Any CPU
		{24495F94-53B7-4E97-993B-B3539CF522B6}.Debug|x86.ActiveCfg = Debug|x86
		{24495F94-53B7-4E97-993B-B3539CF522B6}.Debug|x86.Build.0 = Debug|x86
		{24495F94-53B7-4E97-993B-B3539CF522B6}.Release|Any CPU.ActiveCfg = Release|Any CPU
		{24495F94-53B7-4E97-993B-B3539CF522B6}.Release|Any CPU.Build.0 = Release|Any CPU
		{24495F94-53B7-4E97-993B-B3539CF522B6}.Release|x86.ActiveCfg = Release|x86
		{24495F94-53B7-4E97-993B-B3539CF522B6}.Release|x86.Build.0 = Release|x86
	EndGlobalSection
	GlobalSection(SolutionProperties) = preSolution
		HideSolutionNode = FALSE
	EndGlobalSection
EndGlobal
